
Microsoft Visual Studio Solution File, Format Version 12.00
# Visual Studio Version 17
VisualStudioVersion = 17.13.35825.156 d17.13
MinimumVisualStudioVersion = 10.0.40219.1
Project("{FAE04EC0-301F-11D3-BF4B-00C04F79EFBC}") = "FloodFillRecursion", "FloodFillRecursion.csproj", "{60BDF446-1FE2-4B56-A333-212EE015DAA0}"
EndProject
Global
	GlobalSection(SolutionConfigurationPlatforms) = preSolution
		Debug|Any CPU = Debug|Any CPU
		Release|Any CPU = Release|Any CPU
	EndGlobalSection
	GlobalSection(ProjectConfigurationPlatforms) = postSolution
		{60BDF446-1FE2-4B56-A333-212EE015DAA0}.Debug|Any CPU.ActiveCfg = Debug|Any CPU
		{60BDF446-1FE2-4B56-A333-212EE015DAA0}.Debug|Any CPU.Build.0 = Debug|Any CPU
		{60BDF446-1FE2-4B56-A333-212EE015DAA0}.Release|Any CPU.ActiveCfg = Release|Any CPU
		{60BDF446-1FE2-4B56-A333-212EE015DAA0}.Release|Any CPU.Build.0 = Release|Any CPU
	EndGlobalSection
	GlobalSection(SolutionProperties) = preSolution
		HideSolutionNode = FALSE
	EndGlobalSection
	GlobalSection(ExtensibilityGlobals) = postSolution
		SolutionGuid = {7214D705-DE41-4102-A17A-60AB9ED694AA}
	EndGlobalSection
EndGlobal
